
Microsoft Visual Studio Solution File, Format Version 12.00
# Visual Studio Version 17
VisualStudioVersion = 17.9.34622.214
MinimumVisualStudioVersion = 10.0.40219.1
Project("{FAE04EC0-301F-11D3-BF4B-00C04F79EFBC}") = "SG_VTNR", "SG_VTNR\SG_VTNR.csproj", "{8623C6C2-2437-43F1-ADB6-B44E11BE2454}"
EndProject
Project("{FAE04EC0-301F-11D3-BF4B-00C04F79EFBC}") = "BLL", "BLL\BLL.csproj", "{E9F881C6-A1C5-45FD-9352-C825E265B515}"
EndProject
Project("{FAE04EC0-301F-11D3-BF4B-00C04F79EFBC}") = "Modelo", "Modelo\Modelo.csproj", "{77BF6BF6-A865-4D26-A9A4-560F5FC24B71}"
EndProject
Project("{FAE04EC0-301F-11D3-BF4B-00C04F79EFBC}") = "DAL", "DAL\DAL.csproj", "{4E6013C8-BE52-4E10-A4CE-CB368E0E3C70}"
EndProject
Global
	GlobalSection(SolutionConfigurationPlatforms) = preSolution
		Debug|Any CPU = Debug|Any CPU
		Release|Any CPU = Release|Any CPU
	EndGlobalSection
	GlobalSection(ProjectConfigurationPlatforms) = postSolution
		{8623C6C2-2437-43F1-ADB6-B44E11BE2454}.Debug|Any CPU.ActiveCfg = Debug|Any CPU
		{8623C6C2-2437-43F1-ADB6-B44E11BE2454}.Debug|Any CPU.Build.0 = Debug|Any CPU
		{8623C6C2-2437-43F1-ADB6-B44E11BE2454}.Release|Any CPU.ActiveCfg = Release|Any CPU
		{8623C6C2-2437-43F1-ADB6-B44E11BE2454}.Release|Any CPU.Build.0 = Release|Any CPU
		{E9F881C6-A1C5-45FD-9352-C825E265B515}.Debug|Any CPU.ActiveCfg = Debug|Any CPU
		{E9F881C6-A1C5-45FD-9352-C825E265B515}.Debug|Any CPU.Build.0 = Debug|Any CPU
		{E9F881C6-A1C5-45FD-9352-C825E265B515}.Release|Any CPU.ActiveCfg = Release|Any CPU
		{E9F881C6-A1C5-45FD-9352-C825E265B515}.Release|Any CPU.Build.0 = Release|Any CPU
		{77BF6BF6-A865-4D26-A9A4-560F5FC24B71}.Debug|Any CPU.ActiveCfg = Debug|Any CPU
		{77BF6BF6-A865-4D26-A9A4-560F5FC24B71}.Debug|Any CPU.Build.0 = Debug|Any CPU
		{77BF6BF6-A865-4D26-A9A4-560F5FC24B71}.Release|Any CPU.ActiveCfg = Release|Any CPU
		{77BF6BF6-A865-4D26-A9A4-560F5FC24B71}.Release|Any CPU.Build.0 = Release|Any CPU
		{4E6013C8-BE52-4E10-A4CE-CB368E0E3C70}.Debug|Any CPU.ActiveCfg = Debug|Any CPU
		{4E6013C8-BE52-4E10-A4CE-CB368E0E3C70}.Debug|Any CPU.Build.0 = Debug|Any CPU
		{4E6013C8-BE52-4E10-A4CE-CB368E0E3C70}.Release|Any CPU.ActiveCfg = Release|Any CPU
		{4E6013C8-BE52-4E10-A4CE-CB368E0E3C70}.Release|Any CPU.Build.0 = Release|Any CPU
	EndGlobalSection
	GlobalSection(SolutionProperties) = preSolution
		HideSolutionNode = FALSE
	EndGlobalSection
	GlobalSection(ExtensibilityGlobals) = postSolution
		SolutionGuid = {A8131014-18C5-4AC1-B2D0-B25B72B01A1C}
	EndGlobalSection
EndGlobal
